// !$*UTF8*$!
{
	archiveVersion = 1;
	classes = {
	};
	objectVersion = 56;
	objects = {

/* Begin PBXBuildFile section */
		33202A572AB7F6E700725EF3 /* Post.swift in Sources */ = {isa = PBXBuildFile; fileRef = 33202A562AB7F6E700725EF3 /* Post.swift */; };
		33328D222AB5B064001D9676 /* AllowSelection.swift in Sources */ = {isa = PBXBuildFile; fileRef = 33328D212AB5B064001D9676 /* AllowSelection.swift */; };
		33328D242AB5D4D7001D9676 /* AlarmConnectView.swift in Sources */ = {isa = PBXBuildFile; fileRef = 33328D232AB5D4D7001D9676 /* AlarmConnectView.swift */; };
		33328D262AB5D4FC001D9676 /* AlarmLikeView.swift in Sources */ = {isa = PBXBuildFile; fileRef = 33328D252AB5D4FC001D9676 /* AlarmLikeView.swift */; };
		33391FEF2ACD4FD8004CAB15 /* PostRow.swift in Sources */ = {isa = PBXBuildFile; fileRef = 33391FEE2ACD4FD7004CAB15 /* PostRow.swift */; };
		33391FF12ACD5126004CAB15 /* NotificationViewModel.swift in Sources */ = {isa = PBXBuildFile; fileRef = 33391FF02ACD5126004CAB15 /* NotificationViewModel.swift */; };
		33391FF42ACD726A004CAB15 /* Kingfisher in Frameworks */ = {isa = PBXBuildFile; productRef = 33391FF32ACD726A004CAB15 /* Kingfisher */; };
		3356BC792AA2BEF500B1EF01 /* ConnectApp.swift in Sources */ = {isa = PBXBuildFile; fileRef = 3356BC782AA2BEF500B1EF01 /* ConnectApp.swift */; };
		3356BC7B2AA2BEF500B1EF01 /* MainView.swift in Sources */ = {isa = PBXBuildFile; fileRef = 3356BC7A2AA2BEF500B1EF01 /* MainView.swift */; };
		3356BC7D2AA2BEF700B1EF01 /* Assets.xcassets in Resources */ = {isa = PBXBuildFile; fileRef = 3356BC7C2AA2BEF700B1EF01 /* Assets.xcassets */; };
		3356BC802AA2BEF700B1EF01 /* Preview Assets.xcassets in Resources */ = {isa = PBXBuildFile; fileRef = 3356BC7F2AA2BEF700B1EF01 /* Preview Assets.xcassets */; };
		3356BC912AA2C07800B1EF01 /* StartView.swift in Sources */ = {isa = PBXBuildFile; fileRef = 3356BC902AA2C07800B1EF01 /* StartView.swift */; };
		3356BC932AA2C08800B1EF01 /* LoginView.swift in Sources */ = {isa = PBXBuildFile; fileRef = 3356BC922AA2C08800B1EF01 /* LoginView.swift */; };
		3356BC952AA2C09300B1EF01 /* SigninView.swift in Sources */ = {isa = PBXBuildFile; fileRef = 3356BC942AA2C09300B1EF01 /* SigninView.swift */; };
		3356BC972AA2C09D00B1EF01 /* ProfileImageView.swift in Sources */ = {isa = PBXBuildFile; fileRef = 3356BC962AA2C09D00B1EF01 /* ProfileImageView.swift */; };
		3356BC992AA2C0B200B1EF01 /* HomeView.swift in Sources */ = {isa = PBXBuildFile; fileRef = 3356BC982AA2C0B200B1EF01 /* HomeView.swift */; };
		3356BC9D2AA2C0D400B1EF01 /* HomeGroupView.swift in Sources */ = {isa = PBXBuildFile; fileRef = 3356BC9C2AA2C0D400B1EF01 /* HomeGroupView.swift */; };
		3356BC9F2AA2C0DF00B1EF01 /* MypageView.swift in Sources */ = {isa = PBXBuildFile; fileRef = 3356BC9E2AA2C0DF00B1EF01 /* MypageView.swift */; };
		3356BCA12AA2C0F400B1EF01 /* ConnectTodayView.swift in Sources */ = {isa = PBXBuildFile; fileRef = 3356BCA02AA2C0F400B1EF01 /* ConnectTodayView.swift */; };
		3356BCA52AA2C10900B1EF01 /* ConnectSaveView.swift in Sources */ = {isa = PBXBuildFile; fileRef = 3356BCA42AA2C10900B1EF01 /* ConnectSaveView.swift */; };
		3356BCA72AA2C11400B1EF01 /* ConnectAllowView.swift in Sources */ = {isa = PBXBuildFile; fileRef = 3356BCA62AA2C11400B1EF01 /* ConnectAllowView.swift */; };
		3356BCA92AA2C12300B1EF01 /* MyprofileView.swift in Sources */ = {isa = PBXBuildFile; fileRef = 3356BCA82AA2C12300B1EF01 /* MyprofileView.swift */; };
		3356BCAB2AA2C14A00B1EF01 /* FriendSearchView.swift in Sources */ = {isa = PBXBuildFile; fileRef = 3356BCAA2AA2C14A00B1EF01 /* FriendSearchView.swift */; };
		3356BCAD2AA2C15600B1EF01 /* GroupSearchView.swift in Sources */ = {isa = PBXBuildFile; fileRef = 3356BCAC2AA2C15600B1EF01 /* GroupSearchView.swift */; };
		3356BCAF2AA2C15F00B1EF01 /* FriendProfileView.swift in Sources */ = {isa = PBXBuildFile; fileRef = 3356BCAE2AA2C15F00B1EF01 /* FriendProfileView.swift */; };
		3356BCB12AA2C17000B1EF01 /* MainTabbedView.swift in Sources */ = {isa = PBXBuildFile; fileRef = 3356BCB02AA2C17000B1EF01 /* MainTabbedView.swift */; };
		3356BCB72AA2C18D00B1EF01 /* ConnectTopNavigationBar.swift in Sources */ = {isa = PBXBuildFile; fileRef = 3356BCB62AA2C18D00B1EF01 /* ConnectTopNavigationBar.swift */; };
		3356BCBB2AA2C1A100B1EF01 /* ProfileTopNavigationBar.swift in Sources */ = {isa = PBXBuildFile; fileRef = 3356BCBA2AA2C1A100B1EF01 /* ProfileTopNavigationBar.swift */; };
		3356BCBD2AA2C1AD00B1EF01 /* FriendTopNavigationBar.swift in Sources */ = {isa = PBXBuildFile; fileRef = 3356BCBC2AA2C1AD00B1EF01 /* FriendTopNavigationBar.swift */; };
		3356BCBF2AA2C1BB00B1EF01 /* GroupTopNavigationBar.swift in Sources */ = {isa = PBXBuildFile; fileRef = 3356BCBE2AA2C1BB00B1EF01 /* GroupTopNavigationBar.swift */; };
		3356BCC42AA2CD7900B1EF01 /* FirebaseAnalytics in Frameworks */ = {isa = PBXBuildFile; productRef = 3356BCC32AA2CD7900B1EF01 /* FirebaseAnalytics */; };
		3356BCC62AA2CD7900B1EF01 /* FirebaseAnalyticsSwift in Frameworks */ = {isa = PBXBuildFile; productRef = 3356BCC52AA2CD7900B1EF01 /* FirebaseAnalyticsSwift */; };
		3356BCC82AA2CD7900B1EF01 /* FirebaseDatabase in Frameworks */ = {isa = PBXBuildFile; productRef = 3356BCC72AA2CD7900B1EF01 /* FirebaseDatabase */; };
		3356BCCA2AA2CD7900B1EF01 /* FirebaseFirestore in Frameworks */ = {isa = PBXBuildFile; productRef = 3356BCC92AA2CD7900B1EF01 /* FirebaseFirestore */; };
		3356BCCC2AA2CD7900B1EF01 /* FirebaseStorage in Frameworks */ = {isa = PBXBuildFile; productRef = 3356BCCB2AA2CD7900B1EF01 /* FirebaseStorage */; };
		3356BCCE2AA30E1E00B1EF01 /* SigninTopNavigationBar.swift in Sources */ = {isa = PBXBuildFile; fileRef = 3356BCCD2AA30E1E00B1EF01 /* SigninTopNavigationBar.swift */; };
		3356BCD02AA31FA800B1EF01 /* AuthViewModel.swift in Sources */ = {isa = PBXBuildFile; fileRef = 3356BCCF2AA31FA800B1EF01 /* AuthViewModel.swift */; };
		3356BCD32AA321E100B1EF01 /* LoginState.swift in Sources */ = {isa = PBXBuildFile; fileRef = 3356BCD22AA321E100B1EF01 /* LoginState.swift */; };
		3356BCD52AA3220300B1EF01 /* User.swift in Sources */ = {isa = PBXBuildFile; fileRef = 3356BCD42AA3220300B1EF01 /* User.swift */; };
		3356BCD82AA36F4E00B1EF01 /* FirebaseAuth in Frameworks */ = {isa = PBXBuildFile; productRef = 3356BCD72AA36F4E00B1EF01 /* FirebaseAuth */; };
		3356BCDC2AA4164000B1EF01 /* FirebaseFirestoreSwift in Frameworks */ = {isa = PBXBuildFile; productRef = 3356BCDB2AA4164000B1EF01 /* FirebaseFirestoreSwift */; };
		338617842AA45C60008EF610 /* FirstStartView.swift in Sources */ = {isa = PBXBuildFile; fileRef = 338617832AA45C60008EF610 /* FirstStartView.swift */; };
		338617862AA564A6008EF610 /* GoogleService-Info.plist in Resources */ = {isa = PBXBuildFile; fileRef = 338617852AA564A6008EF610 /* GoogleService-Info.plist */; };
		338C28202AAFFFE2004587CD /* ConnectSelection.swift in Sources */ = {isa = PBXBuildFile; fileRef = 338C281F2AAFFFE1004587CD /* ConnectSelection.swift */; };
		338C28222AB00ADB004587CD /* MainConnectView.swift in Sources */ = {isa = PBXBuildFile; fileRef = 338C28212AB00ADB004587CD /* MainConnectView.swift */; };
		338C28252AB03DC0004587CD /* URLImage in Frameworks */ = {isa = PBXBuildFile; productRef = 338C28242AB03DC0004587CD /* URLImage */; };
		338C28272AB03DC0004587CD /* URLImageStore in Frameworks */ = {isa = PBXBuildFile; productRef = 338C28262AB03DC0004587CD /* URLImageStore */; };
		33971C392AC1324D00418442 /* Notification.swift in Sources */ = {isa = PBXBuildFile; fileRef = 33971C382AC1324D00418442 /* Notification.swift */; };
		33A0D4302AAA276500FEEDBC /* UserDataModel.swift in Sources */ = {isa = PBXBuildFile; fileRef = 33A0D42F2AAA276500FEEDBC /* UserDataModel.swift */; };
		33A0D4332AAAA99D00FEEDBC /* Time_sellectView.swift in Sources */ = {isa = PBXBuildFile; fileRef = 33A0D4322AAAA99D00FEEDBC /* Time_sellectView.swift */; };
		33A0D4352AAAA9AF00FEEDBC /* TimeLinePart_selection.swift in Sources */ = {isa = PBXBuildFile; fileRef = 33A0D4342AAAA9AF00FEEDBC /* TimeLinePart_selection.swift */; };
/* End PBXBuildFile section */

/* Begin PBXFileReference section */
		33202A562AB7F6E700725EF3 /* Post.swift */ = {isa = PBXFileReference; lastKnownFileType = sourcecode.swift; path = Post.swift; sourceTree = "<group>"; };
		33328D212AB5B064001D9676 /* AllowSelection.swift */ = {isa = PBXFileReference; lastKnownFileType = sourcecode.swift; path = AllowSelection.swift; sourceTree = "<group>"; };
		33328D232AB5D4D7001D9676 /* AlarmConnectView.swift */ = {isa = PBXFileReference; lastKnownFileType = sourcecode.swift; path = AlarmConnectView.swift; sourceTree = "<group>"; };
		33328D252AB5D4FC001D9676 /* AlarmLikeView.swift */ = {isa = PBXFileReference; lastKnownFileType = sourcecode.swift; path = AlarmLikeView.swift; sourceTree = "<group>"; };
		33391FEE2ACD4FD7004CAB15 /* PostRow.swift */ = {isa = PBXFileReference; lastKnownFileType = sourcecode.swift; path = PostRow.swift; sourceTree = "<group>"; };
		33391FF02ACD5126004CAB15 /* NotificationViewModel.swift */ = {isa = PBXFileReference; lastKnownFileType = sourcecode.swift; path = NotificationViewModel.swift; sourceTree = "<group>"; };
		3356BC752AA2BEF500B1EF01 /* Connect.app */ = {isa = PBXFileReference; explicitFileType = wrapper.application; includeInIndex = 0; path = Connect.app; sourceTree = BUILT_PRODUCTS_DIR; };
		3356BC782AA2BEF500B1EF01 /* ConnectApp.swift */ = {isa = PBXFileReference; lastKnownFileType = sourcecode.swift; path = ConnectApp.swift; sourceTree = "<group>"; };
		3356BC7A2AA2BEF500B1EF01 /* MainView.swift */ = {isa = PBXFileReference; lastKnownFileType = sourcecode.swift; path = MainView.swift; sourceTree = "<group>"; };
		3356BC7C2AA2BEF700B1EF01 /* Assets.xcassets */ = {isa = PBXFileReference; lastKnownFileType = folder.assetcatalog; path = Assets.xcassets; sourceTree = "<group>"; };
		3356BC7F2AA2BEF700B1EF01 /* Preview Assets.xcassets */ = {isa = PBXFileReference; lastKnownFileType = folder.assetcatalog; path = "Preview Assets.xcassets"; sourceTree = "<group>"; };
		3356BC902AA2C07800B1EF01 /* StartView.swift */ = {isa = PBXFileReference; lastKnownFileType = sourcecode.swift; path = StartView.swift; sourceTree = "<group>"; };
		3356BC922AA2C08800B1EF01 /* LoginView.swift */ = {isa = PBXFileReference; lastKnownFileType = sourcecode.swift; path = LoginView.swift; sourceTree = "<group>"; };
		3356BC942AA2C09300B1EF01 /* SigninView.swift */ = {isa = PBXFileReference; lastKnownFileType = sourcecode.swift; path = SigninView.swift; sourceTree = "<group>"; };
		3356BC962AA2C09D00B1EF01 /* ProfileImageView.swift */ = {isa = PBXFileReference; lastKnownFileType = sourcecode.swift; path = ProfileImageView.swift; sourceTree = "<group>"; };
		3356BC982AA2C0B200B1EF01 /* HomeView.swift */ = {isa = PBXFileReference; lastKnownFileType = sourcecode.swift; path = HomeView.swift; sourceTree = "<group>"; };
		3356BC9C2AA2C0D400B1EF01 /* HomeGroupView.swift */ = {isa = PBXFileReference; lastKnownFileType = sourcecode.swift; path = HomeGroupView.swift; sourceTree = "<group>"; };
		3356BC9E2AA2C0DF00B1EF01 /* MypageView.swift */ = {isa = PBXFileReference; lastKnownFileType = sourcecode.swift; path = MypageView.swift; sourceTree = "<group>"; };
		3356BCA02AA2C0F400B1EF01 /* ConnectTodayView.swift */ = {isa = PBXFileReference; lastKnownFileType = sourcecode.swift; path = ConnectTodayView.swift; sourceTree = "<group>"; };
		3356BCA42AA2C10900B1EF01 /* ConnectSaveView.swift */ = {isa = PBXFileReference; lastKnownFileType = sourcecode.swift; path = ConnectSaveView.swift; sourceTree = "<group>"; };
		3356BCA62AA2C11400B1EF01 /* ConnectAllowView.swift */ = {isa = PBXFileReference; lastKnownFileType = sourcecode.swift; path = ConnectAllowView.swift; sourceTree = "<group>"; };
		3356BCA82AA2C12300B1EF01 /* MyprofileView.swift */ = {isa = PBXFileReference; lastKnownFileType = sourcecode.swift; path = MyprofileView.swift; sourceTree = "<group>"; };
		3356BCAA2AA2C14A00B1EF01 /* FriendSearchView.swift */ = {isa = PBXFileReference; lastKnownFileType = sourcecode.swift; path = FriendSearchView.swift; sourceTree = "<group>"; };
		3356BCAC2AA2C15600B1EF01 /* GroupSearchView.swift */ = {isa = PBXFileReference; lastKnownFileType = sourcecode.swift; path = GroupSearchView.swift; sourceTree = "<group>"; };
		3356BCAE2AA2C15F00B1EF01 /* FriendProfileView.swift */ = {isa = PBXFileReference; lastKnownFileType = sourcecode.swift; path = FriendProfileView.swift; sourceTree = "<group>"; };
		3356BCB02AA2C17000B1EF01 /* MainTabbedView.swift */ = {isa = PBXFileReference; lastKnownFileType = sourcecode.swift; path = MainTabbedView.swift; sourceTree = "<group>"; };
		3356BCB62AA2C18D00B1EF01 /* ConnectTopNavigationBar.swift */ = {isa = PBXFileReference; lastKnownFileType = sourcecode.swift; path = ConnectTopNavigationBar.swift; sourceTree = "<group>"; };
		3356BCBA2AA2C1A100B1EF01 /* ProfileTopNavigationBar.swift */ = {isa = PBXFileReference; lastKnownFileType = sourcecode.swift; path = ProfileTopNavigationBar.swift; sourceTree = "<group>"; };
		3356BCBC2AA2C1AD00B1EF01 /* FriendTopNavigationBar.swift */ = {isa = PBXFileReference; lastKnownFileType = sourcecode.swift; path = FriendTopNavigationBar.swift; sourceTree = "<group>"; };
		3356BCBE2AA2C1BB00B1EF01 /* GroupTopNavigationBar.swift */ = {isa = PBXFileReference; lastKnownFileType = sourcecode.swift; path = GroupTopNavigationBar.swift; sourceTree = "<group>"; };
		3356BCCD2AA30E1E00B1EF01 /* SigninTopNavigationBar.swift */ = {isa = PBXFileReference; lastKnownFileType = sourcecode.swift; path = SigninTopNavigationBar.swift; sourceTree = "<group>"; };
		3356BCCF2AA31FA800B1EF01 /* AuthViewModel.swift */ = {isa = PBXFileReference; lastKnownFileType = sourcecode.swift; path = AuthViewModel.swift; sourceTree = "<group>"; };
		3356BCD22AA321E100B1EF01 /* LoginState.swift */ = {isa = PBXFileReference; lastKnownFileType = sourcecode.swift; path = LoginState.swift; sourceTree = "<group>"; };
		3356BCD42AA3220300B1EF01 /* User.swift */ = {isa = PBXFileReference; lastKnownFileType = sourcecode.swift; path = User.swift; sourceTree = "<group>"; };
		338617832AA45C60008EF610 /* FirstStartView.swift */ = {isa = PBXFileReference; lastKnownFileType = sourcecode.swift; path = FirstStartView.swift; sourceTree = "<group>"; };
		338617852AA564A6008EF610 /* GoogleService-Info.plist */ = {isa = PBXFileReference; fileEncoding = 4; lastKnownFileType = text.plist.xml; path = "GoogleService-Info.plist"; sourceTree = "<group>"; };
		338C281F2AAFFFE1004587CD /* ConnectSelection.swift */ = {isa = PBXFileReference; lastKnownFileType = sourcecode.swift; path = ConnectSelection.swift; sourceTree = "<group>"; };
		338C28212AB00ADB004587CD /* MainConnectView.swift */ = {isa = PBXFileReference; lastKnownFileType = sourcecode.swift; path = MainConnectView.swift; sourceTree = "<group>"; };
		33971C382AC1324D00418442 /* Notification.swift */ = {isa = PBXFileReference; lastKnownFileType = sourcecode.swift; path = Notification.swift; sourceTree = "<group>"; };
		33A0D42F2AAA276500FEEDBC /* UserDataModel.swift */ = {isa = PBXFileReference; lastKnownFileType = sourcecode.swift; path = UserDataModel.swift; sourceTree = "<group>"; };
		33A0D4322AAAA99D00FEEDBC /* Time_sellectView.swift */ = {isa = PBXFileReference; lastKnownFileType = sourcecode.swift; path = Time_sellectView.swift; sourceTree = "<group>"; };
		33A0D4342AAAA9AF00FEEDBC /* TimeLinePart_selection.swift */ = {isa = PBXFileReference; lastKnownFileType = sourcecode.swift; path = TimeLinePart_selection.swift; sourceTree = "<group>"; };
/* End PBXFileReference section */

/* Begin PBXFrameworksBuildPhase section */
		3356BC722AA2BEF500B1EF01 /* Frameworks */ = {
			isa = PBXFrameworksBuildPhase;
			buildActionMask = 2147483647;
			files = (
				3356BCC82AA2CD7900B1EF01 /* FirebaseDatabase in Frameworks */,
				3356BCD82AA36F4E00B1EF01 /* FirebaseAuth in Frameworks */,
				3356BCCA2AA2CD7900B1EF01 /* FirebaseFirestore in Frameworks */,
				3356BCDC2AA4164000B1EF01 /* FirebaseFirestoreSwift in Frameworks */,
				33391FF42ACD726A004CAB15 /* Kingfisher in Frameworks */,
				338C28272AB03DC0004587CD /* URLImageStore in Frameworks */,
				3356BCC62AA2CD7900B1EF01 /* FirebaseAnalyticsSwift in Frameworks */,
				3356BCCC2AA2CD7900B1EF01 /* FirebaseStorage in Frameworks */,
				338C28252AB03DC0004587CD /* URLImage in Frameworks */,
				3356BCC42AA2CD7900B1EF01 /* FirebaseAnalytics in Frameworks */,
			);
			runOnlyForDeploymentPostprocessing = 0;
		};
/* End PBXFrameworksBuildPhase section */

/* Begin PBXGroup section */
		33328D202AB5B036001D9676 /* tab2 */ = {
			isa = PBXGroup;
			children = (
				33328D212AB5B064001D9676 /* AllowSelection.swift */,
				33328D232AB5D4D7001D9676 /* AlarmConnectView.swift */,
				33328D252AB5D4FC001D9676 /* AlarmLikeView.swift */,
			);
			path = tab2;
			sourceTree = "<group>";
		};
		3356BC6C2AA2BEF500B1EF01 = {
			isa = PBXGroup;
			children = (
				3356BC772AA2BEF500B1EF01 /* Connect */,
				3356BC762AA2BEF500B1EF01 /* Products */,
				3356BCD62AA36F4D00B1EF01 /* Frameworks */,
			);
			sourceTree = "<group>";
		};
		3356BC762AA2BEF500B1EF01 /* Products */ = {
			isa = PBXGroup;
			children = (
				3356BC752AA2BEF500B1EF01 /* Connect.app */,
			);
			name = Products;
			sourceTree = "<group>";
		};
		3356BC772AA2BEF500B1EF01 /* Connect */ = {
			isa = PBXGroup;
			children = (
				3356BC782AA2BEF500B1EF01 /* ConnectApp.swift */,
				3356BC7A2AA2BEF500B1EF01 /* MainView.swift */,
				3356BC8F2AA2C04100B1EF01 /* Start */,
				3356BC8E2AA2C03500B1EF01 /* Home */,
				3356BC8D2AA2C01500B1EF01 /* connect */,
				3356BC8C2AA2C00600B1EF01 /* Mypage */,
				3356BC8B2AA2BFF100B1EF01 /* Tabbar */,
				3356BC7C2AA2BEF700B1EF01 /* Assets.xcassets */,
				338617852AA564A6008EF610 /* GoogleService-Info.plist */,
				3356BC7E2AA2BEF700B1EF01 /* Preview Content */,
			);
			path = Connect;
			sourceTree = "<group>";
		};
		3356BC7E2AA2BEF700B1EF01 /* Preview Content */ = {
			isa = PBXGroup;
			children = (
				3356BC7F2AA2BEF700B1EF01 /* Preview Assets.xcassets */,
			);
			path = "Preview Content";
			sourceTree = "<group>";
		};
		3356BC8B2AA2BFF100B1EF01 /* Tabbar */ = {
			isa = PBXGroup;
			children = (
				3356BCB02AA2C17000B1EF01 /* MainTabbedView.swift */,
				3356BCB62AA2C18D00B1EF01 /* ConnectTopNavigationBar.swift */,
				3356BCBA2AA2C1A100B1EF01 /* ProfileTopNavigationBar.swift */,
				3356BCBC2AA2C1AD00B1EF01 /* FriendTopNavigationBar.swift */,
				3356BCBE2AA2C1BB00B1EF01 /* GroupTopNavigationBar.swift */,
				3356BCCD2AA30E1E00B1EF01 /* SigninTopNavigationBar.swift */,
			);
			path = Tabbar;
			sourceTree = "<group>";
		};
		3356BC8C2AA2C00600B1EF01 /* Mypage */ = {
			isa = PBXGroup;
			children = (
				3356BCA82AA2C12300B1EF01 /* MyprofileView.swift */,
				3356BCAE2AA2C15F00B1EF01 /* FriendProfileView.swift */,
				33A0D4312AAAA95700FEEDBC /* Search */,
			);
			path = Mypage;
			sourceTree = "<group>";
		};
		3356BC8D2AA2C01500B1EF01 /* connect */ = {
			isa = PBXGroup;
			children = (
				33971C382AC1324D00418442 /* Notification.swift */,
				33391FF02ACD5126004CAB15 /* NotificationViewModel.swift */,
				338C28212AB00ADB004587CD /* MainConnectView.swift */,
				3356BCA62AA2C11400B1EF01 /* ConnectAllowView.swift */,
				338C281C2AAFFE8F004587CD /* tab */,
				33328D202AB5B036001D9676 /* tab2 */,
			);
			path = connect;
			sourceTree = "<group>";
		};
		3356BC8E2AA2C03500B1EF01 /* Home */ = {
			isa = PBXGroup;
			children = (
				33202A562AB7F6E700725EF3 /* Post.swift */,
				33391FEE2ACD4FD7004CAB15 /* PostRow.swift */,
				3356BC982AA2C0B200B1EF01 /* HomeView.swift */,
				338617832AA45C60008EF610 /* FirstStartView.swift */,
				3356BC9C2AA2C0D400B1EF01 /* HomeGroupView.swift */,
				3356BC9E2AA2C0DF00B1EF01 /* MypageView.swift */,
			);
			path = Home;
			sourceTree = "<group>";
		};
		3356BC8F2AA2C04100B1EF01 /* Start */ = {
			isa = PBXGroup;
			children = (
				3356BC902AA2C07800B1EF01 /* StartView.swift */,
				3356BC922AA2C08800B1EF01 /* LoginView.swift */,
				3356BC942AA2C09300B1EF01 /* SigninView.swift */,
				3356BC962AA2C09D00B1EF01 /* ProfileImageView.swift */,
				3356BCD12AA321AC00B1EF01 /* Login */,
			);
			path = Start;
			sourceTree = "<group>";
		};
		3356BCD12AA321AC00B1EF01 /* Login */ = {
			isa = PBXGroup;
			children = (
				3356BCD42AA3220300B1EF01 /* User.swift */,
				3356BCCF2AA31FA800B1EF01 /* AuthViewModel.swift */,
				3356BCD22AA321E100B1EF01 /* LoginState.swift */,
				33A0D42F2AAA276500FEEDBC /* UserDataModel.swift */,
			);
			path = Login;
			sourceTree = "<group>";
		};
		3356BCD62AA36F4D00B1EF01 /* Frameworks */ = {
			isa = PBXGroup;
			children = (
			);
			name = Frameworks;
			sourceTree = "<group>";
		};
		338C281C2AAFFE8F004587CD /* tab */ = {
			isa = PBXGroup;
			children = (
				338C281F2AAFFFE1004587CD /* ConnectSelection.swift */,
				3356BCA02AA2C0F400B1EF01 /* ConnectTodayView.swift */,
				3356BCA42AA2C10900B1EF01 /* ConnectSaveView.swift */,
			);
			path = tab;
			sourceTree = "<group>";
		};
		33A0D4312AAAA95700FEEDBC /* Search */ = {
			isa = PBXGroup;
			children = (
				3356BCAA2AA2C14A00B1EF01 /* FriendSearchView.swift */,
				3356BCAC2AA2C15600B1EF01 /* GroupSearchView.swift */,
				33A0D4322AAAA99D00FEEDBC /* Time_sellectView.swift */,
				33A0D4342AAAA9AF00FEEDBC /* TimeLinePart_selection.swift */,
			);
			path = Search;
			sourceTree = "<group>";
		};
/* End PBXGroup section */

/* Begin PBXNativeTarget section */
		3356BC742AA2BEF500B1EF01 /* Connect */ = {
			isa = PBXNativeTarget;
			buildConfigurationList = 3356BC882AA2BEF700B1EF01 /* Build configuration list for PBXNativeTarget "Connect" */;
			buildPhases = (
				3356BC712AA2BEF500B1EF01 /* Sources */,
				3356BC722AA2BEF500B1EF01 /* Frameworks */,
				3356BC732AA2BEF500B1EF01 /* Resources */,
			);
			buildRules = (
			);
			dependencies = (
			);
			name = Connect;
			packageProductDependencies = (
				3356BCC32AA2CD7900B1EF01 /* FirebaseAnalytics */,
				3356BCC52AA2CD7900B1EF01 /* FirebaseAnalyticsSwift */,
				3356BCC72AA2CD7900B1EF01 /* FirebaseDatabase */,
				3356BCC92AA2CD7900B1EF01 /* FirebaseFirestore */,
				3356BCCB2AA2CD7900B1EF01 /* FirebaseStorage */,
				3356BCD72AA36F4E00B1EF01 /* FirebaseAuth */,
				3356BCDB2AA4164000B1EF01 /* FirebaseFirestoreSwift */,
				338C28242AB03DC0004587CD /* URLImage */,
				338C28262AB03DC0004587CD /* URLImageStore */,
				33391FF32ACD726A004CAB15 /* Kingfisher */,
			);
			productName = Connect;
			productReference = 3356BC752AA2BEF500B1EF01 /* Connect.app */;
			productType = "com.apple.product-type.application";
		};
/* End PBXNativeTarget section */

/* Begin PBXProject section */
		3356BC6D2AA2BEF500B1EF01 /* Project object */ = {
			isa = PBXProject;
			attributes = {
				BuildIndependentTargetsInParallel = 1;
				LastSwiftUpdateCheck = 1430;
				LastUpgradeCheck = 1430;
				TargetAttributes = {
					3356BC742AA2BEF500B1EF01 = {
						CreatedOnToolsVersion = 14.3.1;
					};
				};
			};
			buildConfigurationList = 3356BC702AA2BEF500B1EF01 /* Build configuration list for PBXProject "Connect" */;
			compatibilityVersion = "Xcode 14.0";
			developmentRegion = en;
			hasScannedForEncodings = 0;
			knownRegions = (
				en,
				Base,
			);
			mainGroup = 3356BC6C2AA2BEF500B1EF01;
			packageReferences = (
				3356BCC22AA2CD7900B1EF01 /* XCRemoteSwiftPackageReference "firebase-ios-sdk" */,
				338C28232AB03DC0004587CD /* XCRemoteSwiftPackageReference "url-image" */,
				33391FF22ACD726A004CAB15 /* XCRemoteSwiftPackageReference "Kingfisher" */,
			);
			productRefGroup = 3356BC762AA2BEF500B1EF01 /* Products */;
			projectDirPath = "";
			projectRoot = "";
			targets = (
				3356BC742AA2BEF500B1EF01 /* Connect */,
			);
		};
/* End PBXProject section */

/* Begin PBXResourcesBuildPhase section */
		3356BC732AA2BEF500B1EF01 /* Resources */ = {
			isa = PBXResourcesBuildPhase;
			buildActionMask = 2147483647;
			files = (
				3356BC802AA2BEF700B1EF01 /* Preview Assets.xcassets in Resources */,
				338617862AA564A6008EF610 /* GoogleService-Info.plist in Resources */,
				3356BC7D2AA2BEF700B1EF01 /* Assets.xcassets in Resources */,
			);
			runOnlyForDeploymentPostprocessing = 0;
		};
/* End PBXResourcesBuildPhase section */

/* Begin PBXSourcesBuildPhase section */
		3356BC712AA2BEF500B1EF01 /* Sources */ = {
			isa = PBXSourcesBuildPhase;
			buildActionMask = 2147483647;
			files = (
				3356BC972AA2C09D00B1EF01 /* ProfileImageView.swift in Sources */,
				33328D222AB5B064001D9676 /* AllowSelection.swift in Sources */,
				3356BCA72AA2C11400B1EF01 /* ConnectAllowView.swift in Sources */,
				3356BCB72AA2C18D00B1EF01 /* ConnectTopNavigationBar.swift in Sources */,
				3356BCB12AA2C17000B1EF01 /* MainTabbedView.swift in Sources */,
				338C28202AAFFFE2004587CD /* ConnectSelection.swift in Sources */,
				3356BCAF2AA2C15F00B1EF01 /* FriendProfileView.swift in Sources */,
				3356BCA92AA2C12300B1EF01 /* MyprofileView.swift in Sources */,
				338617842AA45C60008EF610 /* FirstStartView.swift in Sources */,
				3356BC992AA2C0B200B1EF01 /* HomeView.swift in Sources */,
				3356BCD52AA3220300B1EF01 /* User.swift in Sources */,
				33A0D4352AAAA9AF00FEEDBC /* TimeLinePart_selection.swift in Sources */,
				3356BCBF2AA2C1BB00B1EF01 /* GroupTopNavigationBar.swift in Sources */,
				3356BCD32AA321E100B1EF01 /* LoginState.swift in Sources */,
				33328D262AB5D4FC001D9676 /* AlarmLikeView.swift in Sources */,
				33202A572AB7F6E700725EF3 /* Post.swift in Sources */,
				33A0D4302AAA276500FEEDBC /* UserDataModel.swift in Sources */,
				3356BCA12AA2C0F400B1EF01 /* ConnectTodayView.swift in Sources */,
				3356BCAD2AA2C15600B1EF01 /* GroupSearchView.swift in Sources */,
				3356BCA52AA2C10900B1EF01 /* ConnectSaveView.swift in Sources */,
				33971C392AC1324D00418442 /* Notification.swift in Sources */,
				3356BC912AA2C07800B1EF01 /* StartView.swift in Sources */,
				3356BCBB2AA2C1A100B1EF01 /* ProfileTopNavigationBar.swift in Sources */,
				3356BCCE2AA30E1E00B1EF01 /* SigninTopNavigationBar.swift in Sources */,
				3356BC7B2AA2BEF500B1EF01 /* MainView.swift in Sources */,
				3356BCD02AA31FA800B1EF01 /* AuthViewModel.swift in Sources */,
				3356BCAB2AA2C14A00B1EF01 /* FriendSearchView.swift in Sources */,
				33328D242AB5D4D7001D9676 /* AlarmConnectView.swift in Sources */,
				33A0D4332AAAA99D00FEEDBC /* Time_sellectView.swift in Sources */,
				3356BC932AA2C08800B1EF01 /* LoginView.swift in Sources */,
				3356BC952AA2C09300B1EF01 /* SigninView.swift in Sources */,
				3356BC9D2AA2C0D400B1EF01 /* HomeGroupView.swift in Sources */,
				3356BC792AA2BEF500B1EF01 /* ConnectApp.swift in Sources */,
				3356BC9F2AA2C0DF00B1EF01 /* MypageView.swift in Sources */,
				33391FEF2ACD4FD8004CAB15 /* PostRow.swift in Sources */,
				338C28222AB00ADB004587CD /* MainConnectView.swift in Sources */,
				3356BCBD2AA2C1AD00B1EF01 /* FriendTopNavigationBar.swift in Sources */,
				33391FF12ACD5126004CAB15 /* NotificationViewModel.swift in Sources */,
			);
			runOnlyForDeploymentPostprocessing = 0;
		};
/* End PBXSourcesBuildPhase section */

/* Begin XCBuildConfiguration section */
		3356BC862AA2BEF700B1EF01 /* Debug */ = {
			isa = XCBuildConfiguration;
			buildSettings = {
				ALWAYS_SEARCH_USER_PATHS = NO;
				CLANG_ANALYZER_NONNULL = YES;
				CLANG_ANALYZER_NUMBER_OBJECT_CONVERSION = YES_AGGRESSIVE;
				CLANG_CXX_LANGUAGE_STANDARD = "gnu++20";
				CLANG_ENABLE_MODULES = YES;
				CLANG_ENABLE_OBJC_ARC = YES;
				CLANG_ENABLE_OBJC_WEAK = YES;
				CLANG_WARN_BLOCK_CAPTURE_AUTORELEASING = YES;
				CLANG_WARN_BOOL_CONVERSION = YES;
				CLANG_WARN_COMMA = YES;
				CLANG_WARN_CONSTANT_CONVERSION = YES;
				CLANG_WARN_DEPRECATED_OBJC_IMPLEMENTATIONS = YES;
				CLANG_WARN_DIRECT_OBJC_ISA_USAGE = YES_ERROR;
				CLANG_WARN_DOCUMENTATION_COMMENTS = YES;
				CLANG_WARN_EMPTY_BODY = YES;
				CLANG_WARN_ENUM_CONVERSION = YES;
				CLANG_WARN_INFINITE_RECURSION = YES;
				CLANG_WARN_INT_CONVERSION = YES;
				CLANG_WARN_NON_LITERAL_NULL_CONVERSION = YES;
				CLANG_WARN_OBJC_IMPLICIT_RETAIN_SELF = YES;
				CLANG_WARN_OBJC_LITERAL_CONVERSION = YES;
				CLANG_WARN_OBJC_ROOT_CLASS = YES_ERROR;
				CLANG_WARN_QUOTED_INCLUDE_IN_FRAMEWORK_HEADER = YES;
				CLANG_WARN_RANGE_LOOP_ANALYSIS = YES;
				CLANG_WARN_STRICT_PROTOTYPES = YES;
				CLANG_WARN_SUSPICIOUS_MOVE = YES;
				CLANG_WARN_UNGUARDED_AVAILABILITY = YES_AGGRESSIVE;
				CLANG_WARN_UNREACHABLE_CODE = YES;
				CLANG_WARN__DUPLICATE_METHOD_MATCH = YES;
				COPY_PHASE_STRIP = NO;
				DEBUG_INFORMATION_FORMAT = dwarf;
				ENABLE_STRICT_OBJC_MSGSEND = YES;
				ENABLE_TESTABILITY = YES;
				GCC_C_LANGUAGE_STANDARD = gnu11;
				GCC_DYNAMIC_NO_PIC = NO;
				GCC_NO_COMMON_BLOCKS = YES;
				GCC_OPTIMIZATION_LEVEL = 0;
				GCC_PREPROCESSOR_DEFINITIONS = (
					"DEBUG=1",
					"$(inherited)",
				);
				GCC_WARN_64_TO_32_BIT_CONVERSION = YES;
				GCC_WARN_ABOUT_RETURN_TYPE = YES_ERROR;
				GCC_WARN_UNDECLARED_SELECTOR = YES;
				GCC_WARN_UNINITIALIZED_AUTOS = YES_AGGRESSIVE;
				GCC_WARN_UNUSED_FUNCTION = YES;
				GCC_WARN_UNUSED_VARIABLE = YES;
				IPHONEOS_DEPLOYMENT_TARGET = 17.0;
				MTL_ENABLE_DEBUG_INFO = INCLUDE_SOURCE;
				MTL_FAST_MATH = YES;
				ONLY_ACTIVE_ARCH = YES;
				SDKROOT = iphoneos;
				SWIFT_ACTIVE_COMPILATION_CONDITIONS = DEBUG;
				SWIFT_OPTIMIZATION_LEVEL = "-Onone";
			};
			name = Debug;
		};
		3356BC872AA2BEF700B1EF01 /* Release */ = {
			isa = XCBuildConfiguration;
			buildSettings = {
				ALWAYS_SEARCH_USER_PATHS = NO;
				CLANG_ANALYZER_NONNULL = YES;
				CLANG_ANALYZER_NUMBER_OBJECT_CONVERSION = YES_AGGRESSIVE;
				CLANG_CXX_LANGUAGE_STANDARD = "gnu++20";
				CLANG_ENABLE_MODULES = YES;
				CLANG_ENABLE_OBJC_ARC = YES;
				CLANG_ENABLE_OBJC_WEAK = YES;
				CLANG_WARN_BLOCK_CAPTURE_AUTORELEASING = YES;
				CLANG_WARN_BOOL_CONVERSION = YES;
				CLANG_WARN_COMMA = YES;
				CLANG_WARN_CONSTANT_CONVERSION = YES;
				CLANG_WARN_DEPRECATED_OBJC_IMPLEMENTATIONS = YES;
				CLANG_WARN_DIRECT_OBJC_ISA_USAGE = YES_ERROR;
				CLANG_WARN_DOCUMENTATION_COMMENTS = YES;
				CLANG_WARN_EMPTY_BODY = YES;
				CLANG_WARN_ENUM_CONVERSION = YES;
				CLANG_WARN_INFINITE_RECURSION = YES;
				CLANG_WARN_INT_CONVERSION = YES;
				CLANG_WARN_NON_LITERAL_NULL_CONVERSION = YES;
				CLANG_WARN_OBJC_IMPLICIT_RETAIN_SELF = YES;
				CLANG_WARN_OBJC_LITERAL_CONVERSION = YES;
				CLANG_WARN_OBJC_ROOT_CLASS = YES_ERROR;
				CLANG_WARN_QUOTED_INCLUDE_IN_FRAMEWORK_HEADER = YES;
				CLANG_WARN_RANGE_LOOP_ANALYSIS = YES;
				CLANG_WARN_STRICT_PROTOTYPES = YES;
				CLANG_WARN_SUSPICIOUS_MOVE = YES;
				CLANG_WARN_UNGUARDED_AVAILABILITY = YES_AGGRESSIVE;
				CLANG_WARN_UNREACHABLE_CODE = YES;
				CLANG_WARN__DUPLICATE_METHOD_MATCH = YES;
				COPY_PHASE_STRIP = NO;
				DEBUG_INFORMATION_FORMAT = "dwarf-with-dsym";
				ENABLE_NS_ASSERTIONS = NO;
				ENABLE_STRICT_OBJC_MSGSEND = YES;
				GCC_C_LANGUAGE_STANDARD = gnu11;
				GCC_NO_COMMON_BLOCKS = YES;
				GCC_WARN_64_TO_32_BIT_CONVERSION = YES;
				GCC_WARN_ABOUT_RETURN_TYPE = YES_ERROR;
				GCC_WARN_UNDECLARED_SELECTOR = YES;
				GCC_WARN_UNINITIALIZED_AUTOS = YES_AGGRESSIVE;
				GCC_WARN_UNUSED_FUNCTION = YES;
				GCC_WARN_UNUSED_VARIABLE = YES;
				IPHONEOS_DEPLOYMENT_TARGET = 17.0;
				MTL_ENABLE_DEBUG_INFO = NO;
				MTL_FAST_MATH = YES;
				SDKROOT = iphoneos;
				SWIFT_COMPILATION_MODE = wholemodule;
				SWIFT_OPTIMIZATION_LEVEL = "-O";
				VALIDATE_PRODUCT = YES;
			};
			name = Release;
		};
		3356BC892AA2BEF700B1EF01 /* Debug */ = {
			isa = XCBuildConfiguration;
			buildSettings = {
				ASSETCATALOG_COMPILER_APPICON_NAME = AppIcon;
				ASSETCATALOG_COMPILER_GLOBAL_ACCENT_COLOR_NAME = AccentColor;
				CODE_SIGN_STYLE = Automatic;
				CURRENT_PROJECT_VERSION = 1;
				DEVELOPMENT_ASSET_PATHS = "\"Connect/Preview Content\"";
				DEVELOPMENT_TEAM = 97PH923V3Q;
				ENABLE_PREVIEWS = YES;
				GENERATE_INFOPLIST_FILE = YES;
				INFOPLIST_KEY_NSCameraUsageDescription = "\"We need access to your camera to take photos\"";
				INFOPLIST_KEY_NSPhotoLibraryUsageDescription = " \"This app needs access to the photo library to allow you to select photos.\"";
				INFOPLIST_KEY_UIApplicationSceneManifest_Generation = YES;
				INFOPLIST_KEY_UIApplicationSupportsIndirectInputEvents = YES;
				INFOPLIST_KEY_UILaunchScreen_Generation = YES;
				INFOPLIST_KEY_UISupportedInterfaceOrientations_iPad = "UIInterfaceOrientationPortrait UIInterfaceOrientationPortraitUpsideDown UIInterfaceOrientationLandscapeLeft UIInterfaceOrientationLandscapeRight";
				INFOPLIST_KEY_UISupportedInterfaceOrientations_iPhone = "UIInterfaceOrientationPortrait UIInterfaceOrientationLandscapeLeft UIInterfaceOrientationLandscapeRight";
				LD_RUNPATH_SEARCH_PATHS = (
					"$(inherited)",
					"@executable_path/Frameworks",
				);
				MARKETING_VERSION = 1.0;
				PRODUCT_BUNDLE_IDENTIFIER = com.lens.Connect;
				PRODUCT_NAME = "$(TARGET_NAME)";
				SWIFT_EMIT_LOC_STRINGS = YES;
				SWIFT_VERSION = 5.0;
				TARGETED_DEVICE_FAMILY = "1,2";
			};
			name = Debug;
		};
		3356BC8A2AA2BEF700B1EF01 /* Release */ = {
			isa = XCBuildConfiguration;
			buildSettings = {
				ASSETCATALOG_COMPILER_APPICON_NAME = AppIcon;
				ASSETCATALOG_COMPILER_GLOBAL_ACCENT_COLOR_NAME = AccentColor;
				CODE_SIGN_STYLE = Automatic;
				CURRENT_PROJECT_VERSION = 1;
				DEVELOPMENT_ASSET_PATHS = "\"Connect/Preview Content\"";
				DEVELOPMENT_TEAM = 97PH923V3Q;
				ENABLE_PREVIEWS = YES;
				GENERATE_INFOPLIST_FILE = YES;
				INFOPLIST_KEY_NSCameraUsageDescription = "\"We need access to your camera to take photos\"";
				INFOPLIST_KEY_NSPhotoLibraryUsageDescription = " \"This app needs access to the photo library to allow you to select photos.\"";
				INFOPLIST_KEY_UIApplicationSceneManifest_Generation = YES;
				INFOPLIST_KEY_UIApplicationSupportsIndirectInputEvents = YES;
				INFOPLIST_KEY_UILaunchScreen_Generation = YES;
				INFOPLIST_KEY_UISupportedInterfaceOrientations_iPad = "UIInterfaceOrientationPortrait UIInterfaceOrientationPortraitUpsideDown UIInterfaceOrientationLandscapeLeft UIInterfaceOrientationLandscapeRight";
				INFOPLIST_KEY_UISupportedInterfaceOrientations_iPhone = "UIInterfaceOrientationPortrait UIInterfaceOrientationLandscapeLeft UIInterfaceOrientationLandscapeRight";
				LD_RUNPATH_SEARCH_PATHS = (
					"$(inherited)",
					"@executable_path/Frameworks",
				);
				MARKETING_VERSION = 1.0;
				PRODUCT_BUNDLE_IDENTIFIER = com.lens.Connect;
				PRODUCT_NAME = "$(TARGET_NAME)";
				SWIFT_EMIT_LOC_STRINGS = YES;
				SWIFT_VERSION = 5.0;
				TARGETED_DEVICE_FAMILY = "1,2";
			};
			name = Release;
		};
/* End XCBuildConfiguration section */

/* Begin XCConfigurationList section */
		3356BC702AA2BEF500B1EF01 /* Build configuration list for PBXProject "Connect" */ = {
			isa = XCConfigurationList;
			buildConfigurations = (
				3356BC862AA2BEF700B1EF01 /* Debug */,
				3356BC872AA2BEF700B1EF01 /* Release */,
			);
			defaultConfigurationIsVisible = 0;
			defaultConfigurationName = Release;
		};
		3356BC882AA2BEF700B1EF01 /* Build configuration list for PBXNativeTarget "Connect" */ = {
			isa = XCConfigurationList;
			buildConfigurations = (
				3356BC892AA2BEF700B1EF01 /* Debug */,
				3356BC8A2AA2BEF700B1EF01 /* Release */,
			);
			defaultConfigurationIsVisible = 0;
			defaultConfigurationName = Release;
		};
/* End XCConfigurationList section */

/* Begin XCRemoteSwiftPackageReference section */
		33391FF22ACD726A004CAB15 /* XCRemoteSwiftPackageReference "Kingfisher" */ = {
			isa = XCRemoteSwiftPackageReference;
			repositoryURL = "https://github.com/onevcat/Kingfisher";
			requirement = {
				kind = upToNextMajorVersion;
				minimumVersion = 7.9.1;
			};
		};
		3356BCC22AA2CD7900B1EF01 /* XCRemoteSwiftPackageReference "firebase-ios-sdk" */ = {
			isa = XCRemoteSwiftPackageReference;
			repositoryURL = "https://github.com/firebase/firebase-ios-sdk";
			requirement = {
				kind = upToNextMajorVersion;
				minimumVersion = 10.0.0;
			};
		};
		338C28232AB03DC0004587CD /* XCRemoteSwiftPackageReference "url-image" */ = {
			isa = XCRemoteSwiftPackageReference;
			repositoryURL = "https://github.com/dmytro-anokhin/url-image";
			requirement = {
				kind = upToNextMajorVersion;
				minimumVersion = 3.0.0;
			};
		};
/* End XCRemoteSwiftPackageReference section */

/* Begin XCSwiftPackageProductDependency section */
		33391FF32ACD726A004CAB15 /* Kingfisher */ = {
			isa = XCSwiftPackageProductDependency;
			package = 33391FF22ACD726A004CAB15 /* XCRemoteSwiftPackageReference "Kingfisher" */;
			productName = Kingfisher;
		};
		3356BCC32AA2CD7900B1EF01 /* FirebaseAnalytics */ = {
			isa = XCSwiftPackageProductDependency;
			package = 3356BCC22AA2CD7900B1EF01 /* XCRemoteSwiftPackageReference "firebase-ios-sdk" */;
			productName = FirebaseAnalytics;
		};
		3356BCC52AA2CD7900B1EF01 /* FirebaseAnalyticsSwift */ = {
			isa = XCSwiftPackageProductDependency;
			package = 3356BCC22AA2CD7900B1EF01 /* XCRemoteSwiftPackageReference "firebase-ios-sdk" */;
			productName = FirebaseAnalyticsSwift;
		};
		3356BCC72AA2CD7900B1EF01 /* FirebaseDatabase */ = {
			isa = XCSwiftPackageProductDependency;
			package = 3356BCC22AA2CD7900B1EF01 /* XCRemoteSwiftPackageReference "firebase-ios-sdk" */;
			productName = FirebaseDatabase;
		};
		3356BCC92AA2CD7900B1EF01 /* FirebaseFirestore */ = {
			isa = XCSwiftPackageProductDependency;
			package = 3356BCC22AA2CD7900B1EF01 /* XCRemoteSwiftPackageReference "firebase-ios-sdk" */;
			productName = FirebaseFirestore;
		};
		3356BCCB2AA2CD7900B1EF01 /* FirebaseStorage */ = {
			isa = XCSwiftPackageProductDependency;
			package = 3356BCC22AA2CD7900B1EF01 /* XCRemoteSwiftPackageReference "firebase-ios-sdk" */;
			productName = FirebaseStorage;
		};
		3356BCD72AA36F4E00B1EF01 /* FirebaseAuth */ = {
			isa = XCSwiftPackageProductDependency;
			package = 3356BCC22AA2CD7900B1EF01 /* XCRemoteSwiftPackageReference "firebase-ios-sdk" */;
			productName = FirebaseAuth;
		};
		3356BCDB2AA4164000B1EF01 /* FirebaseFirestoreSwift */ = {
			isa = XCSwiftPackageProductDependency;
			package = 3356BCC22AA2CD7900B1EF01 /* XCRemoteSwiftPackageReference "firebase-ios-sdk" */;
			productName = FirebaseFirestoreSwift;
		};
		338C28242AB03DC0004587CD /* URLImage */ = {
			isa = XCSwiftPackageProductDependency;
			package = 338C28232AB03DC0004587CD /* XCRemoteSwiftPackageReference "url-image" */;
			productName = URLImage;
		};
		338C28262AB03DC0004587CD /* URLImageStore */ = {
			isa = XCSwiftPackageProductDependency;
			package = 338C28232AB03DC0004587CD /* XCRemoteSwiftPackageReference "url-image" */;
			productName = URLImageStore;
		};
/* End XCSwiftPackageProductDependency section */
	};
	rootObject = 3356BC6D2AA2BEF500B1EF01 /* Project object */;
}
